
Microsoft Visual Studio Solution File, Format Version 12.00
Project("{2150E333-8FDC-42A3-9474-1A3956D46DE8}") = "Infrastructure", "Infrastructure", "{A2E24EA2-23F1-4D22-95ED-DD546CDA0C52}"
EndProject
Project("{2150E333-8FDC-42A3-9474-1A3956D46DE8}") = "UI", "UI", "{E6167FF9-811D-4594-B13E-F285704E3CD9}"
EndProject
Project("{2150E333-8FDC-42A3-9474-1A3956D46DE8}") = "Core", "Core", "{509FA602-6DA5-436F-ACBE-642648237484}"
EndProject
Project("{FAE04EC0-301F-11D3-BF4B-00C04F79EFBC}") = "PetShop1.1.Core", "PetShop1.1.Core\PetShop1.1.Core.csproj", "{4711CD78-7490-42D6-A1DA-3E7D5EB5F210}"
EndProject
Project("{FAE04EC0-301F-11D3-BF4B-00C04F79EFBC}") = "PetShop1.1.Domain", "PetShop1.1.Domain\PetShop1.1.Domain.csproj", "{B4D8F585-0D5E-4E5D-9EC8-0B46AB967FE0}"
EndProject
Project("{FAE04EC0-301F-11D3-BF4B-00C04F79EFBC}") = "PetShop1.1.UI", "PetShop1.1.UI\PetShop1.1.UI.csproj", "{6AB065CA-33EB-43C2-9A6C-35B9C0A4951B}"
EndProject
Project("{FAE04EC0-301F-11D3-BF4B-00C04F79EFBC}") = "Data", "Data\Data.csproj", "{40A2001A-B2DF-48C6-BB69-21EF5F5C2CDC}"
EndProject
Global
	GlobalSection(SolutionConfigurationPlatforms) = preSolution
		Debug|Any CPU = Debug|Any CPU
		Release|Any CPU = Release|Any CPU
	EndGlobalSection
	GlobalSection(ProjectConfigurationPlatforms) = postSolution
		{4711CD78-7490-42D6-A1DA-3E7D5EB5F210}.Debug|Any CPU.ActiveCfg = Debug|Any CPU
		{4711CD78-7490-42D6-A1DA-3E7D5EB5F210}.Debug|Any CPU.Build.0 = Debug|Any CPU
		{4711CD78-7490-42D6-A1DA-3E7D5EB5F210}.Release|Any CPU.ActiveCfg = Release|Any CPU
		{4711CD78-7490-42D6-A1DA-3E7D5EB5F210}.Release|Any CPU.Build.0 = Release|Any CPU
		{B4D8F585-0D5E-4E5D-9EC8-0B46AB967FE0}.Debug|Any CPU.ActiveCfg = Debug|Any CPU
		{B4D8F585-0D5E-4E5D-9EC8-0B46AB967FE0}.Debug|Any CPU.Build.0 = Debug|Any CPU
		{B4D8F585-0D5E-4E5D-9EC8-0B46AB967FE0}.Release|Any CPU.ActiveCfg = Release|Any CPU
		{B4D8F585-0D5E-4E5D-9EC8-0B46AB967FE0}.Release|Any CPU.Build.0 = Release|Any CPU
		{6AB065CA-33EB-43C2-9A6C-35B9C0A4951B}.Debug|Any CPU.ActiveCfg = Debug|Any CPU
		{6AB065CA-33EB-43C2-9A6C-35B9C0A4951B}.Debug|Any CPU.Build.0 = Debug|Any CPU
		{6AB065CA-33EB-43C2-9A6C-35B9C0A4951B}.Release|Any CPU.ActiveCfg = Release|Any CPU
		{6AB065CA-33EB-43C2-9A6C-35B9C0A4951B}.Release|Any CPU.Build.0 = Release|Any CPU
		{40A2001A-B2DF-48C6-BB69-21EF5F5C2CDC}.Debug|Any CPU.ActiveCfg = Debug|Any CPU
		{40A2001A-B2DF-48C6-BB69-21EF5F5C2CDC}.Debug|Any CPU.Build.0 = Debug|Any CPU
		{40A2001A-B2DF-48C6-BB69-21EF5F5C2CDC}.Release|Any CPU.ActiveCfg = Release|Any CPU
		{40A2001A-B2DF-48C6-BB69-21EF5F5C2CDC}.Release|Any CPU.Build.0 = Release|Any CPU
	EndGlobalSection
	GlobalSection(NestedProjects) = preSolution
		{4711CD78-7490-42D6-A1DA-3E7D5EB5F210} = {509FA602-6DA5-436F-ACBE-642648237484}
		{B4D8F585-0D5E-4E5D-9EC8-0B46AB967FE0} = {509FA602-6DA5-436F-ACBE-642648237484}
		{6AB065CA-33EB-43C2-9A6C-35B9C0A4951B} = {E6167FF9-811D-4594-B13E-F285704E3CD9}
		{40A2001A-B2DF-48C6-BB69-21EF5F5C2CDC} = {A2E24EA2-23F1-4D22-95ED-DD546CDA0C52}
	EndGlobalSection
EndGlobal
